{
    "_meta": {
        "hash": {
            "sha256": "9e73c859be14fd9601277189757c48116a83d66855a5731cfe0dc3fe87520c1a"
        },
        "pipfile-spec": 6,
        "requires": {
            "python_version": "3.13"
        },
        "sources": [
            {
                "name": "pypi",
                "url": "https://pypi.org/simple",
                "verify_ssl": true
            }
        ]
    },
    "default": {
        "pyee": {
            "hashes": [
                "sha256:7b14b74320600049ccc7d0e0b1becd3b4bd0a03c745758225e31a59f4095c990",
                "sha256:c480603f4aa2927d4766eb41fa82793fe60a82cbfdb8d688e0d08c55a534e145"
            ],
            "markers": "python_version >= '3.8'",
            "version": "==12.0.0"
        },
        "python-ffmpeg": {
            "hashes": [
                "sha256:19ac80af5a064a2f53c245af1a909b2d7648ea045500d96d3bcd507b88d43dc7",
                "sha256:d86697da8dfb39335183e336d31baf42fb217468adf5ac97fd743898240faae3"
            ],
            "index": "pypi",
            "markers": "python_version >= '3.7'",
            "version": "==2.0.12"
        },
        "typing-extensions": {
            "hashes": [
                "sha256:04e5ca0351e0f3f85c6853954072df659d0d13fac324d0072316b67d7794700d",
                "sha256:1a7ead55c7e559dd4dee8856e3a88b41225abfe1ce8df57b7c13915fe121ffb8"
            ],
            "markers": "python_version >= '3.8'",
            "version": "==4.12.2"
        }
    },
    "develop": {}
}
